
Microsoft Visual Studio Solution File, Format Version 12.00
# Visual Studio Version 16
VisualStudioVersion = 16.0.30204.135
MinimumVisualStudioVersion = 10.0.40219.1
Project("{FAE04EC0-301F-11D3-BF4B-00C04F79EFBC}") = "LangoSystem", "LangoSystem.csproj", "{1F5B2F52-E962-408D-9A7D-D67A84AA4CE1}"
EndProject
Global
	GlobalSection(SolutionConfigurationPlatforms) = preSolution
		Debug|Any CPU = Debug|Any CPU
		Release|Any CPU = Release|Any CPU
	EndGlobalSection
	GlobalSection(ProjectConfigurationPlatforms) = postSolution
		{1F5B2F52-E962-408D-9A7D-D67A84AA4CE1}.Debug|Any CPU.ActiveCfg = Debug|Any CPU
		{1F5B2F52-E962-408D-9A7D-D67A84AA4CE1}.Debug|Any CPU.Build.0 = Debug|Any CPU
		{1F5B2F52-E962-408D-9A7D-D67A84AA4CE1}.Release|Any CPU.ActiveCfg = Release|Any CPU
		{1F5B2F52-E962-408D-9A7D-D67A84AA4CE1}.Release|Any CPU.Build.0 = Release|Any CPU
	EndGlobalSection
	GlobalSection(SolutionProperties) = preSolution
		HideSolutionNode = FALSE
	EndGlobalSection
	GlobalSection(ExtensibilityGlobals) = postSolution
		SolutionGuid = {8934C2B4-50C2-4C83-9F16-8F1D079B78BC}
	EndGlobalSection
EndGlobal
